
Microsoft Visual Studio Solution File, Format Version 12.00
Project("{FAE04EC0-301F-11D3-BF4B-00C04F79EFBC}") = "Pgsql_GUI", "Pgsql_GUI\Pgsql_GUI.csproj", "{60255CAB-3478-4A91-B8E4-62B5B9D87DB3}"
EndProject
Global
	GlobalSection(SolutionConfigurationPlatforms) = preSolution
		Debug|Any CPU = Debug|Any CPU
		Release|Any CPU = Release|Any CPU
	EndGlobalSection
	GlobalSection(ProjectConfigurationPlatforms) = postSolution
		{60255CAB-3478-4A91-B8E4-62B5B9D87DB3}.Debug|Any CPU.ActiveCfg = Debug|Any CPU
		{60255CAB-3478-4A91-B8E4-62B5B9D87DB3}.Debug|Any CPU.Build.0 = Debug|Any CPU
		{60255CAB-3478-4A91-B8E4-62B5B9D87DB3}.Release|Any CPU.ActiveCfg = Release|Any CPU
		{60255CAB-3478-4A91-B8E4-62B5B9D87DB3}.Release|Any CPU.Build.0 = Release|Any CPU
	EndGlobalSection
EndGlobal
